
Microsoft Visual Studio Solution File, Format Version 12.00
# Visual Studio 15
VisualStudioVersion = 15.0.28307.779
MinimumVisualStudioVersion = 10.0.40219.1
Project("{FAE04EC0-301F-11D3-BF4B-00C04F79EFBC}") = "TesztelesVaros", "TesztelesVaros\TesztelesVaros.csproj", "{4C38B3CF-C903-4DF8-A757-57C25D9ED3D4}"
EndProject
Project("{FAE04EC0-301F-11D3-BF4B-00C04F79EFBC}") = "TesztelesVarosTests", "TesztelesVarosTests\TesztelesVarosTests.csproj", "{C5EE34FF-DECD-4FC3-959B-18A36CD50027}"
EndProject
Global
	GlobalSection(SolutionConfigurationPlatforms) = preSolution
		Debug|Any CPU = Debug|Any CPU
		Release|Any CPU = Release|Any CPU
	EndGlobalSection
	GlobalSection(ProjectConfigurationPlatforms) = postSolution
		{4C38B3CF-C903-4DF8-A757-57C25D9ED3D4}.Debug|Any CPU.ActiveCfg = Debug|Any CPU
		{4C38B3CF-C903-4DF8-A757-57C25D9ED3D4}.Debug|Any CPU.Build.0 = Debug|Any CPU
		{4C38B3CF-C903-4DF8-A757-57C25D9ED3D4}.Release|Any CPU.ActiveCfg = Release|Any CPU
		{4C38B3CF-C903-4DF8-A757-57C25D9ED3D4}.Release|Any CPU.Build.0 = Release|Any CPU
		{C5EE34FF-DECD-4FC3-959B-18A36CD50027}.Debug|Any CPU.ActiveCfg = Debug|Any CPU
		{C5EE34FF-DECD-4FC3-959B-18A36CD50027}.Debug|Any CPU.Build.0 = Debug|Any CPU
		{C5EE34FF-DECD-4FC3-959B-18A36CD50027}.Release|Any CPU.ActiveCfg = Release|Any CPU
		{C5EE34FF-DECD-4FC3-959B-18A36CD50027}.Release|Any CPU.Build.0 = Release|Any CPU
	EndGlobalSection
	GlobalSection(SolutionProperties) = preSolution
		HideSolutionNode = FALSE
	EndGlobalSection
	GlobalSection(ExtensibilityGlobals) = postSolution
		SolutionGuid = {1B93A65D-23D0-4639-816D-CAC924C96A57}
	EndGlobalSection
EndGlobal
