
Microsoft Visual Studio Solution File, Format Version 12.00
# Visual Studio 15
VisualStudioVersion = 15.0.28307.421
MinimumVisualStudioVersion = 10.0.40219.1
Project("{FAE04EC0-301F-11D3-BF4B-00C04F79EFBC}") = "LogaritmusosKeresés", "LogaritmusosKeresés\LogaritmusosKeresés.csproj", "{49BCC891-CCEB-4912-BD75-7CA2906D23B7}"
EndProject
Global
	GlobalSection(SolutionConfigurationPlatforms) = preSolution
		Debug|Any CPU = Debug|Any CPU
		Release|Any CPU = Release|Any CPU
	EndGlobalSection
	GlobalSection(ProjectConfigurationPlatforms) = postSolution
		{49BCC891-CCEB-4912-BD75-7CA2906D23B7}.Debug|Any CPU.ActiveCfg = Debug|Any CPU
		{49BCC891-CCEB-4912-BD75-7CA2906D23B7}.Debug|Any CPU.Build.0 = Debug|Any CPU
		{49BCC891-CCEB-4912-BD75-7CA2906D23B7}.Release|Any CPU.ActiveCfg = Release|Any CPU
		{49BCC891-CCEB-4912-BD75-7CA2906D23B7}.Release|Any CPU.Build.0 = Release|Any CPU
	EndGlobalSection
	GlobalSection(SolutionProperties) = preSolution
		HideSolutionNode = FALSE
	EndGlobalSection
	GlobalSection(ExtensibilityGlobals) = postSolution
		SolutionGuid = {2C5A637A-E8A6-4493-8BAE-9E4D2E4503E0}
	EndGlobalSection
EndGlobal
