
Microsoft Visual Studio Solution File, Format Version 12.00
# Visual Studio 15
VisualStudioVersion = 15.0.28307.421
MinimumVisualStudioVersion = 10.0.40219.1
Project("{FAE04EC0-301F-11D3-BF4B-00C04F79EFBC}") = "Tesztvezezelt_Programozas2020_01_13", "Tesztvezezelt_Programozas2020_01_13\Tesztvezezelt_Programozas2020_01_13.csproj", "{C36CC2A3-AE0E-497F-87AE-A08F9C3E04B7}"
EndProject
Project("{FAE04EC0-301F-11D3-BF4B-00C04F79EFBC}") = "Tesztvezezelt_Programozas2020_01_13Tests", "Tesztvezezelt_Programozas2020_01_13Tests\Tesztvezezelt_Programozas2020_01_13Tests.csproj", "{62F7FDDC-7E7C-4B91-9F8D-A3BFB3EDEFE1}"
EndProject
Global
	GlobalSection(SolutionConfigurationPlatforms) = preSolution
		Debug|Any CPU = Debug|Any CPU
		Release|Any CPU = Release|Any CPU
	EndGlobalSection
	GlobalSection(ProjectConfigurationPlatforms) = postSolution
		{C36CC2A3-AE0E-497F-87AE-A08F9C3E04B7}.Debug|Any CPU.ActiveCfg = Debug|Any CPU
		{C36CC2A3-AE0E-497F-87AE-A08F9C3E04B7}.Debug|Any CPU.Build.0 = Debug|Any CPU
		{C36CC2A3-AE0E-497F-87AE-A08F9C3E04B7}.Release|Any CPU.ActiveCfg = Release|Any CPU
		{C36CC2A3-AE0E-497F-87AE-A08F9C3E04B7}.Release|Any CPU.Build.0 = Release|Any CPU
		{62F7FDDC-7E7C-4B91-9F8D-A3BFB3EDEFE1}.Debug|Any CPU.ActiveCfg = Debug|Any CPU
		{62F7FDDC-7E7C-4B91-9F8D-A3BFB3EDEFE1}.Debug|Any CPU.Build.0 = Debug|Any CPU
		{62F7FDDC-7E7C-4B91-9F8D-A3BFB3EDEFE1}.Release|Any CPU.ActiveCfg = Release|Any CPU
		{62F7FDDC-7E7C-4B91-9F8D-A3BFB3EDEFE1}.Release|Any CPU.Build.0 = Release|Any CPU
	EndGlobalSection
	GlobalSection(SolutionProperties) = preSolution
		HideSolutionNode = FALSE
	EndGlobalSection
	GlobalSection(ExtensibilityGlobals) = postSolution
		SolutionGuid = {B132BFC4-9D83-42C8-8071-0090A38C4E25}
	EndGlobalSection
EndGlobal
